<?xml version="1.0" encoding="utf-8"?>
<Project ToolsVersion="4.0" xmlns="http://schemas.microsoft.com/developer/msbuild/2003">
  <ItemGroup>
    <Filter Include="源文件">
      <UniqueIdentifier>{4FC737F1-C7A5-4376-A066-2A32D752A2FF}</UniqueIdentifier>
      <Extensions>cpp;c;cc;cxx;c++;cppm;ixx;def;odl;idl;hpj;bat;asm;asmx</Extensions>
    </Filter>
    <Filter Include="头文件">
      <UniqueIdentifier>{93995380-89BD-4b04-88EB-625FBE52EBFB}</UniqueIdentifier>
      <Extensions>h;hh;hpp;hxx;h++;hm;inl;inc;ipp;xsd</Extensions>
    </Filter>
    <Filter Include="资源文件">
      <UniqueIdentifier>{67DA6AB6-F800-4c08-8B7A-83BB121AAD01}</UniqueIdentifier>
      <Extensions>rc;ico;cur;bmp;dlg;rc2;rct;bin;rgs;gif;jpg;jpeg;jpe;resx;tiff;tif;png;wav;mfcribbon-ms</Extensions>
    </Filter>
    <Filter Include="dxflib">
      <UniqueIdentifier>{09adb2d0-6093-49ec-89f5-bc569ce4696e}</UniqueIdentifier>
    </Filter>
    <Filter Include="entity">
      <UniqueIdentifier>{2112ce07-8f21-4d81-bcaa-94276b2f6f40}</UniqueIdentifier>
    </Filter>
  </ItemGroup>
  <ItemGroup>
    <ClCompile Include="main.cpp">
      <Filter>源文件</Filter>
    </ClCompile>
    <ClCompile Include="src\lsCanvas.cpp">
      <Filter>源文件</Filter>
    </ClCompile>
    <ClCompile Include="src\dxflib\lsDxf.cpp">
      <Filter>dxflib</Filter>
    </ClCompile>
    <ClCompile Include="src\entity\lsBoundbox.cpp">
      <Filter>entity</Filter>
    </ClCompile>
    <ClCompile Include="src\entity\lsCircle.cpp">
      <Filter>entity</Filter>
    </ClCompile>
    <ClCompile Include="src\entity\lsLine.cpp">
      <Filter>entity</Filter>
    </ClCompile>
    <ClCompile Include="src\entity\lsEntity.cpp">
      <Filter>entity</Filter>
    </ClCompile>
    <ClCompile Include="src\entity\lsArc.cpp">
      <Filter>entity</Filter>
    </ClCompile>
  </ItemGroup>
  <ItemGroup>
    <ClInclude Include="src\lsCanvas.h">
      <Filter>源文件</Filter>
    </ClInclude>
    <ClInclude Include="src\dxflib\lsDxf.h">
      <Filter>dxflib</Filter>
    </ClInclude>
    <ClInclude Include="src\entity\lsLine.h">
      <Filter>entity</Filter>
    </ClInclude>
    <ClInclude Include="src\entity\lsPoint.h">
      <Filter>entity</Filter>
    </ClInclude>
    <ClInclude Include="src\entity\lsBoundbox.h">
      <Filter>entity</Filter>
    </ClInclude>
    <ClInclude Include="src\entity\lsCircle.h">
      <Filter>entity</Filter>
    </ClInclude>
    <ClInclude Include="src\entity\lsEntity.h">
      <Filter>entity</Filter>
    </ClInclude>
    <ClInclude Include="src\entity\lsArc.h">
      <Filter>entity</Filter>
    </ClInclude>
  </ItemGroup>
</Project>